<Solution>
  <Folder Name="/Indicators/" />
  <Folder Name="/Indicators/CumulativeTrade/">
    <Project Path="Indicators/CumulativeTrade/FabioCumulativeTradeRecorder.csproj" />
  </Folder>
  <Folder Name="/Indicators/HistoricalCumulativeContext/">
    <Project Path="Indicators/HistoricalCumulativeContext/FabioHistoricalCumulativeContextRecorder.csproj" />
  </Folder>
  <Folder Name="/Indicators/PreSessionProfile/">
    <Project Path="Indicators/PreSessionProfile/FabioPreSessionProfileRecorder.csproj" />
  </Folder>
  <Folder Name="/Indicators/SessionLocation/">
    <Project Path="Indicators/SessionLocation/FabioSessionLocationRecorder.csproj" />
  </Folder>
</Solution>
